{
  "name": "san-html-cases",
  "version": "3.10.9",
  "lockfileVersion": 1,
  "requires": true,
  "dependencies": {
    "san": {
      "version": "3.9.5",
      "resolved": "https://registry.npmjs.org/san/-/san-3.9.5.tgz",
      "integrity": "sha512-g746ljkycqtIin38dzxhfQfEPgt2IC04G5TZH+qxIrigM107zYw5J/8hdcQiB06XolB3EK3AiZQx2EZpjII7pQ==",
      "dev": true
    }
  }
}
