{
  "name": "san-html-cases",
  "version": "2.1.0",
  "lockfileVersion": 1,
  "requires": true,
  "dependencies": {
    "san": {
      "version": "3.9.2",
      "resolved": "https://registry.npmjs.org/san/-/san-3.9.2.tgz",
      "integrity": "sha512-yr2k1zCLPSA2cEVol0StDLOhpY8BLk5ce5Tt9DvFxutkV1845h4pxcMIoIrOGyDZbSodCEfFb+tLTSh8ub8SRQ=="
    }
  }
}
