{
  "name": "san-html-cases",
  "version": "3.13.2",
  "lockfileVersion": 1,
  "requires": true,
  "dependencies": {
    "san": {
      "version": "3.12.0",
      "resolved": "http://registry.npm.baidu-int.com/san/-/san-3.12.0.tgz",
      "integrity": "sha512-AB7+bdX5Ay954I1/iA3Ixj5aG3WT8p7C7U5zOpZeWA38LQint7h7rhqsvIDuJtSGUfh31LgOpShQqRChduVt6g==",
      "dev": true
    }
  }
}
